
Microsoft Visual Studio Solution File, Format Version 12.00
# Visual Studio Version 17
VisualStudioVersion = 17.11.35312.102
MinimumVisualStudioVersion = 10.0.40219.1
Project("{FAE04EC0-301F-11D3-BF4B-00C04F79EFBC}") = "cardket-place-api", "cardket-place-api\cardket-place-api.csproj", "{A003488C-B57F-45EC-8F62-D75784C8F7E7}"
EndProject
Global
	GlobalSection(SolutionConfigurationPlatforms) = preSolution
		Debug|Any CPU = Debug|Any CPU
		Release|Any CPU = Release|Any CPU
	EndGlobalSection
	GlobalSection(ProjectConfigurationPlatforms) = postSolution
		{A003488C-B57F-45EC-8F62-D75784C8F7E7}.Debug|Any CPU.ActiveCfg = Debug|Any CPU
		{A003488C-B57F-45EC-8F62-D75784C8F7E7}.Debug|Any CPU.Build.0 = Debug|Any CPU
		{A003488C-B57F-45EC-8F62-D75784C8F7E7}.Release|Any CPU.ActiveCfg = Release|Any CPU
		{A003488C-B57F-45EC-8F62-D75784C8F7E7}.Release|Any CPU.Build.0 = Release|Any CPU
	EndGlobalSection
	GlobalSection(SolutionProperties) = preSolution
		HideSolutionNode = FALSE
	EndGlobalSection
	GlobalSection(ExtensibilityGlobals) = postSolution
		SolutionGuid = {A0A73B4E-C88A-4ADD-8B13-60AD4F573081}
	EndGlobalSection
EndGlobal
